
Microsoft Visual Studio Solution File, Format Version 12.00
# Visual Studio Version 17
VisualStudioVersion = 17.0.31903.59
MinimumVisualStudioVersion = 10.0.40219.1
Project("{9A19103F-16F7-4668-BE54-9A1E7A4F7556}") = "StoreApp", "StoreApp\StoreApp.csproj", "{DD48EFA5-082E-4038-80AA-1956B25FC724}"
EndProject
Project("{9A19103F-16F7-4668-BE54-9A1E7A4F7556}") = "Entities", "Entities\Entities.csproj", "{A63C2E2F-A96D-4968-B9B4-7D2BB1FB1BA4}"
EndProject
Project("{9A19103F-16F7-4668-BE54-9A1E7A4F7556}") = "Repositories", "Repositories\Repositories.csproj", "{8237725D-DE62-47F5-BCCA-8D46381CC2C1}"
EndProject
Project("{9A19103F-16F7-4668-BE54-9A1E7A4F7556}") = "Services", "Services\Services.csproj", "{1E77DB92-7B08-43F7-AA33-01C7FDF70831}"
EndProject
Global
	GlobalSection(SolutionConfigurationPlatforms) = preSolution
		Debug|Any CPU = Debug|Any CPU
		Release|Any CPU = Release|Any CPU
	EndGlobalSection
	GlobalSection(ProjectConfigurationPlatforms) = postSolution
		{DD48EFA5-082E-4038-80AA-1956B25FC724}.Debug|Any CPU.ActiveCfg = Debug|Any CPU
		{DD48EFA5-082E-4038-80AA-1956B25FC724}.Debug|Any CPU.Build.0 = Debug|Any CPU
		{DD48EFA5-082E-4038-80AA-1956B25FC724}.Release|Any CPU.ActiveCfg = Release|Any CPU
		{DD48EFA5-082E-4038-80AA-1956B25FC724}.Release|Any CPU.Build.0 = Release|Any CPU
		{A63C2E2F-A96D-4968-B9B4-7D2BB1FB1BA4}.Debug|Any CPU.ActiveCfg = Debug|Any CPU
		{A63C2E2F-A96D-4968-B9B4-7D2BB1FB1BA4}.Debug|Any CPU.Build.0 = Debug|Any CPU
		{A63C2E2F-A96D-4968-B9B4-7D2BB1FB1BA4}.Release|Any CPU.ActiveCfg = Release|Any CPU
		{A63C2E2F-A96D-4968-B9B4-7D2BB1FB1BA4}.Release|Any CPU.Build.0 = Release|Any CPU
		{8237725D-DE62-47F5-BCCA-8D46381CC2C1}.Debug|Any CPU.ActiveCfg = Debug|Any CPU
		{8237725D-DE62-47F5-BCCA-8D46381CC2C1}.Debug|Any CPU.Build.0 = Debug|Any CPU
		{8237725D-DE62-47F5-BCCA-8D46381CC2C1}.Release|Any CPU.ActiveCfg = Release|Any CPU
		{8237725D-DE62-47F5-BCCA-8D46381CC2C1}.Release|Any CPU.Build.0 = Release|Any CPU
		{1E77DB92-7B08-43F7-AA33-01C7FDF70831}.Debug|Any CPU.ActiveCfg = Debug|Any CPU
		{1E77DB92-7B08-43F7-AA33-01C7FDF70831}.Debug|Any CPU.Build.0 = Debug|Any CPU
		{1E77DB92-7B08-43F7-AA33-01C7FDF70831}.Release|Any CPU.ActiveCfg = Release|Any CPU
		{1E77DB92-7B08-43F7-AA33-01C7FDF70831}.Release|Any CPU.Build.0 = Release|Any CPU
	EndGlobalSection
	GlobalSection(SolutionProperties) = preSolution
		HideSolutionNode = FALSE
	EndGlobalSection
	GlobalSection(ExtensibilityGlobals) = postSolution
		SolutionGuid = {A1712259-AE8F-45D2-92FE-A95673F36AD9}
	EndGlobalSection
EndGlobal
